
Microsoft Visual Studio Solution File, Format Version 12.00
# Visual Studio Version 16
VisualStudioVersion = 16.0.28803.452
MinimumVisualStudioVersion = 10.0.40219.1
Project("{9A19103F-16F7-4668-BE54-9A1E7A4F7556}") = "CMS.Main", "CMS\CMS.Main.csproj", "{FF9C9457-1E3A-4454-A1BE-A835D338CCF8}"
EndProject
Project("{9A19103F-16F7-4668-BE54-9A1E7A4F7556}") = "CMS.Shared", "CMS.Interfaces\CMS.Shared.csproj", "{B859F2D4-76A9-4AD4-B85F-B5272D8DA0A8}"
EndProject
Project("{9A19103F-16F7-4668-BE54-9A1E7A4F7556}") = "CMS.Model", "CMS.Model\CMS.Model.csproj", "{059EC0F1-2027-4013-A7C6-565106144A66}"
EndProject
Project("{9A19103F-16F7-4668-BE54-9A1E7A4F7556}") = "CMS.Core", "CMS.Handlers\CMS.Core.csproj", "{BD0CBA69-461F-4E60-AC9E-41EC85E18F69}"
EndProject
Project("{FAE04EC0-301F-11D3-BF4B-00C04F79EFBC}") = "CMS.Core.Tests", "CMS.Core.Tests\CMS.Core.Tests.csproj", "{B2B22C4C-C39E-4822-BBCB-018E4699A7FA}"
EndProject
Global
	GlobalSection(SolutionConfigurationPlatforms) = preSolution
		Debug|Any CPU = Debug|Any CPU
		Release|Any CPU = Release|Any CPU
	EndGlobalSection
	GlobalSection(ProjectConfigurationPlatforms) = postSolution
		{FF9C9457-1E3A-4454-A1BE-A835D338CCF8}.Debug|Any CPU.ActiveCfg = Debug|Any CPU
		{FF9C9457-1E3A-4454-A1BE-A835D338CCF8}.Debug|Any CPU.Build.0 = Debug|Any CPU
		{FF9C9457-1E3A-4454-A1BE-A835D338CCF8}.Release|Any CPU.ActiveCfg = Release|Any CPU
		{FF9C9457-1E3A-4454-A1BE-A835D338CCF8}.Release|Any CPU.Build.0 = Release|Any CPU
		{B859F2D4-76A9-4AD4-B85F-B5272D8DA0A8}.Debug|Any CPU.ActiveCfg = Debug|Any CPU
		{B859F2D4-76A9-4AD4-B85F-B5272D8DA0A8}.Debug|Any CPU.Build.0 = Debug|Any CPU
		{B859F2D4-76A9-4AD4-B85F-B5272D8DA0A8}.Release|Any CPU.ActiveCfg = Release|Any CPU
		{B859F2D4-76A9-4AD4-B85F-B5272D8DA0A8}.Release|Any CPU.Build.0 = Release|Any CPU
		{059EC0F1-2027-4013-A7C6-565106144A66}.Debug|Any CPU.ActiveCfg = Debug|Any CPU
		{059EC0F1-2027-4013-A7C6-565106144A66}.Debug|Any CPU.Build.0 = Debug|Any CPU
		{059EC0F1-2027-4013-A7C6-565106144A66}.Release|Any CPU.ActiveCfg = Release|Any CPU
		{059EC0F1-2027-4013-A7C6-565106144A66}.Release|Any CPU.Build.0 = Release|Any CPU
		{BD0CBA69-461F-4E60-AC9E-41EC85E18F69}.Debug|Any CPU.ActiveCfg = Debug|Any CPU
		{BD0CBA69-461F-4E60-AC9E-41EC85E18F69}.Debug|Any CPU.Build.0 = Debug|Any CPU
		{BD0CBA69-461F-4E60-AC9E-41EC85E18F69}.Release|Any CPU.ActiveCfg = Release|Any CPU
		{BD0CBA69-461F-4E60-AC9E-41EC85E18F69}.Release|Any CPU.Build.0 = Release|Any CPU
		{B2B22C4C-C39E-4822-BBCB-018E4699A7FA}.Debug|Any CPU.ActiveCfg = Debug|Any CPU
		{B2B22C4C-C39E-4822-BBCB-018E4699A7FA}.Debug|Any CPU.Build.0 = Debug|Any CPU
		{B2B22C4C-C39E-4822-BBCB-018E4699A7FA}.Release|Any CPU.ActiveCfg = Release|Any CPU
		{B2B22C4C-C39E-4822-BBCB-018E4699A7FA}.Release|Any CPU.Build.0 = Release|Any CPU
	EndGlobalSection
	GlobalSection(SolutionProperties) = preSolution
		HideSolutionNode = FALSE
	EndGlobalSection
	GlobalSection(ExtensibilityGlobals) = postSolution
		SolutionGuid = {8B1C26F0-232A-4478-AECC-EB4EA9E7B780}
	EndGlobalSection
EndGlobal
